
Microsoft Visual Studio Solution File, Format Version 12.00
# Visual Studio Version 16
VisualStudioVersion = 25.0.1704.2
MinimumVisualStudioVersion = 10.0.40219.1
Project("{FAE04EC0-301F-11D3-BF4B-00C04F79EFBC}") = "AlMarket.MVC", "AlMarket.MVC\AlMarket.MVC.csproj", "{C66A9A7A-A444-47BD-997E-F28BD14FD846}"
EndProject
Project("{FAE04EC0-301F-11D3-BF4B-00C04F79EFBC}") = "AlMarket.DAL", "AlMarket.DAL\AlMarket.DAL.csproj", "{686E6712-97EF-4023-B1A9-3A6D0F44AEF6}"
EndProject
Global
	GlobalSection(SolutionConfigurationPlatforms) = preSolution
		Debug|Any CPU = Debug|Any CPU
		Release|Any CPU = Release|Any CPU
	EndGlobalSection
	GlobalSection(ProjectConfigurationPlatforms) = postSolution
		{C66A9A7A-A444-47BD-997E-F28BD14FD846}.Debug|Any CPU.ActiveCfg = Debug|Any CPU
		{C66A9A7A-A444-47BD-997E-F28BD14FD846}.Debug|Any CPU.Build.0 = Debug|Any CPU
		{C66A9A7A-A444-47BD-997E-F28BD14FD846}.Release|Any CPU.ActiveCfg = Release|Any CPU
		{C66A9A7A-A444-47BD-997E-F28BD14FD846}.Release|Any CPU.Build.0 = Release|Any CPU
		{686E6712-97EF-4023-B1A9-3A6D0F44AEF6}.Debug|Any CPU.ActiveCfg = Debug|Any CPU
		{686E6712-97EF-4023-B1A9-3A6D0F44AEF6}.Debug|Any CPU.Build.0 = Debug|Any CPU
		{686E6712-97EF-4023-B1A9-3A6D0F44AEF6}.Release|Any CPU.ActiveCfg = Release|Any CPU
		{686E6712-97EF-4023-B1A9-3A6D0F44AEF6}.Release|Any CPU.Build.0 = Release|Any CPU
	EndGlobalSection
	GlobalSection(SolutionProperties) = preSolution
		HideSolutionNode = FALSE
	EndGlobalSection
	GlobalSection(ExtensibilityGlobals) = postSolution
		SolutionGuid = {124B3B03-C14D-48DA-A670-8150EC8C7412}
	EndGlobalSection
EndGlobal
